{
  "name": "01-init",
  "version": "1.0.0",
  "lockfileVersion": 1,
  "requires": true,
  "dependencies": {
    "yarn": {
      "version": "1.19.2",
      "resolved": "https://registry.npm.taobao.org/yarn/download/yarn-1.19.2.tgz?cache=0&other_urls=https%3A%2F%2Fregistry.npm.taobao.org%2Fyarn%2Fdownload%2Fyarn-1.19.2.tgz",
      "integrity": "sha1-z1/JskrZehHGXXywsqyUXrk2Ei8="
    }
  }
}
